
Microsoft Visual Studio Solution File, Format Version 12.00
# Visual Studio 2012
Project("{FAE04EC0-301F-11D3-BF4B-00C04F79EFBC}") = "RevStackCore.Extensions.Mvc", "RevStackCore.Extensions.Mvc\RevStackCore.Extensions.Mvc.csproj", "{08E0D308-D768-46EA-A541-3B42F224623C}"
EndProject
Global
	GlobalSection(SolutionConfigurationPlatforms) = preSolution
		Debug|Any CPU = Debug|Any CPU
		Release|Any CPU = Release|Any CPU
	EndGlobalSection
	GlobalSection(ProjectConfigurationPlatforms) = postSolution
		{08E0D308-D768-46EA-A541-3B42F224623C}.Debug|Any CPU.ActiveCfg = Debug|Any CPU
		{08E0D308-D768-46EA-A541-3B42F224623C}.Debug|Any CPU.Build.0 = Debug|Any CPU
		{08E0D308-D768-46EA-A541-3B42F224623C}.Release|Any CPU.ActiveCfg = Release|Any CPU
		{08E0D308-D768-46EA-A541-3B42F224623C}.Release|Any CPU.Build.0 = Release|Any CPU
	EndGlobalSection
EndGlobal
